
Microsoft Visual Studio Solution File, Format Version 12.00
# Visual Studio Version 17
VisualStudioVersion = 17.0.32112.339
MinimumVisualStudioVersion = 10.0.40219.1
Project("{9A19103F-16F7-4668-BE54-9A1E7A4F7556}") = "ModAPI2", "ModAPI2.csproj", "{78B59F0F-879A-4038-A2A0-1E7CD365833D}"
EndProject
Project("{9A19103F-16F7-4668-BE54-9A1E7A4F7556}") = "BaseModLib", "BaseModLib\BaseModLib.csproj", "{9BD5E774-33CE-4E73-BF7A-173662B31055}"
EndProject
Global
	GlobalSection(SolutionConfigurationPlatforms) = preSolution
		Debug|Any CPU = Debug|Any CPU
		Release|Any CPU = Release|Any CPU
	EndGlobalSection
	GlobalSection(ProjectConfigurationPlatforms) = postSolution
		{78B59F0F-879A-4038-A2A0-1E7CD365833D}.Debug|Any CPU.ActiveCfg = Debug|Any CPU
		{78B59F0F-879A-4038-A2A0-1E7CD365833D}.Debug|Any CPU.Build.0 = Debug|Any CPU
		{78B59F0F-879A-4038-A2A0-1E7CD365833D}.Release|Any CPU.ActiveCfg = Release|Any CPU
		{78B59F0F-879A-4038-A2A0-1E7CD365833D}.Release|Any CPU.Build.0 = Release|Any CPU
		{9BD5E774-33CE-4E73-BF7A-173662B31055}.Debug|Any CPU.ActiveCfg = Debug|Any CPU
		{9BD5E774-33CE-4E73-BF7A-173662B31055}.Debug|Any CPU.Build.0 = Debug|Any CPU
		{9BD5E774-33CE-4E73-BF7A-173662B31055}.Release|Any CPU.ActiveCfg = Release|Any CPU
		{9BD5E774-33CE-4E73-BF7A-173662B31055}.Release|Any CPU.Build.0 = Release|Any CPU
	EndGlobalSection
	GlobalSection(SolutionProperties) = preSolution
		HideSolutionNode = FALSE
	EndGlobalSection
	GlobalSection(ExtensibilityGlobals) = postSolution
		SolutionGuid = {7F3D05A1-4DAA-4AAD-B644-A9FBCAD352D4}
	EndGlobalSection
EndGlobal
